
Microsoft Visual Studio Solution File, Format Version 12.00
# Visual Studio 14
VisualStudioVersion = 14.0.25420.1
MinimumVisualStudioVersion = 10.0.40219.1
Project("{FAE04EC0-301F-11D3-BF4B-00C04F79EFBC}") = "Jeton.Services", "Jeton.Services\Jeton.Services.csproj", "{382A5932-FEB3-449A-9704-46CCF6CF67AD}"
EndProject
Project("{FAE04EC0-301F-11D3-BF4B-00C04F79EFBC}") = "Jeton.Data", "Jeton.Data\Jeton.Data.csproj", "{96CCBD96-E2D0-404E-A1D2-703299E68BA1}"
EndProject
Project("{FAE04EC0-301F-11D3-BF4B-00C04F79EFBC}") = "Jeton.Admin.Web", "Jeton.Admin.Web\Jeton.Admin.Web.csproj", "{D17A1BAC-4370-4293-99F1-965D829A6C5D}"
EndProject
Project("{FAE04EC0-301F-11D3-BF4B-00C04F79EFBC}") = "Jeton.Core", "Jeton.Core\Jeton.Core.csproj", "{4A51FFA9-30B4-4F53-9434-CB0005985AC4}"
EndProject
Global
	GlobalSection(SolutionConfigurationPlatforms) = preSolution
		Debug|Any CPU = Debug|Any CPU
		Release|Any CPU = Release|Any CPU
	EndGlobalSection
	GlobalSection(ProjectConfigurationPlatforms) = postSolution
		{382A5932-FEB3-449A-9704-46CCF6CF67AD}.Debug|Any CPU.ActiveCfg = Debug|Any CPU
		{382A5932-FEB3-449A-9704-46CCF6CF67AD}.Debug|Any CPU.Build.0 = Debug|Any CPU
		{382A5932-FEB3-449A-9704-46CCF6CF67AD}.Release|Any CPU.ActiveCfg = Release|Any CPU
		{382A5932-FEB3-449A-9704-46CCF6CF67AD}.Release|Any CPU.Build.0 = Release|Any CPU
		{96CCBD96-E2D0-404E-A1D2-703299E68BA1}.Debug|Any CPU.ActiveCfg = Debug|Any CPU
		{96CCBD96-E2D0-404E-A1D2-703299E68BA1}.Debug|Any CPU.Build.0 = Debug|Any CPU
		{96CCBD96-E2D0-404E-A1D2-703299E68BA1}.Release|Any CPU.ActiveCfg = Release|Any CPU
		{96CCBD96-E2D0-404E-A1D2-703299E68BA1}.Release|Any CPU.Build.0 = Release|Any CPU
		{D17A1BAC-4370-4293-99F1-965D829A6C5D}.Debug|Any CPU.ActiveCfg = Debug|Any CPU
		{D17A1BAC-4370-4293-99F1-965D829A6C5D}.Debug|Any CPU.Build.0 = Debug|Any CPU
		{D17A1BAC-4370-4293-99F1-965D829A6C5D}.Release|Any CPU.ActiveCfg = Release|Any CPU
		{D17A1BAC-4370-4293-99F1-965D829A6C5D}.Release|Any CPU.Build.0 = Release|Any CPU
		{4A51FFA9-30B4-4F53-9434-CB0005985AC4}.Debug|Any CPU.ActiveCfg = Debug|Any CPU
		{4A51FFA9-30B4-4F53-9434-CB0005985AC4}.Debug|Any CPU.Build.0 = Debug|Any CPU
		{4A51FFA9-30B4-4F53-9434-CB0005985AC4}.Release|Any CPU.ActiveCfg = Release|Any CPU
		{4A51FFA9-30B4-4F53-9434-CB0005985AC4}.Release|Any CPU.Build.0 = Release|Any CPU
	EndGlobalSection
	GlobalSection(SolutionProperties) = preSolution
		HideSolutionNode = FALSE
	EndGlobalSection
EndGlobal
