
Microsoft Visual Studio Solution File, Format Version 12.00
# Visual Studio 14
VisualStudioVersion = 14.0.25420.1
MinimumVisualStudioVersion = 10.0.40219.1
Project("{FAE04EC0-301F-11D3-BF4B-00C04F79EFBC}") = "Jeton.Services", "Jeton.Services\Jeton.Services.csproj", "{382A5932-FEB3-449A-9704-46CCF6CF67AD}"
EndProject
Project("{FAE04EC0-301F-11D3-BF4B-00C04F79EFBC}") = "Jeton.Data", "Jeton.Data\Jeton.Data.csproj", "{96CCBD96-E2D0-404E-A1D2-703299E68BA1}"
EndProject
Project("{FAE04EC0-301F-11D3-BF4B-00C04F79EFBC}") = "Jeton.Core", "Jeton.Core\Jeton.Core.csproj", "{4A51FFA9-30B4-4F53-9434-CB0005985AC4}"
EndProject
Project("{FAE04EC0-301F-11D3-BF4B-00C04F79EFBC}") = "Jeton.Api", "Jeton.Api\Jeton.Api.csproj", "{89E94968-CEC5-42C3-A222-B09CABEC1B9F}"
EndProject
Project("{2150E333-8FDC-42A3-9474-1A3956D46DE8}") = "Libraries", "Libraries", "{0BDDF66E-5C37-494E-B72B-4D34812EFD67}"
EndProject
Project("{2150E333-8FDC-42A3-9474-1A3956D46DE8}") = "UI", "UI", "{FA64DC67-66C4-432F-B740-3BFE921C87E0}"
EndProject
Project("{2150E333-8FDC-42A3-9474-1A3956D46DE8}") = "Services", "Services", "{89B4C6A0-4075-4360-B44B-1D6599FD5D36}"
EndProject
Project("{2150E333-8FDC-42A3-9474-1A3956D46DE8}") = "Tests", "Tests", "{871B6680-C902-4E88-9A27-53389C2A0826}"
EndProject
Project("{FAE04EC0-301F-11D3-BF4B-00C04F79EFBC}") = "Jeton.Service.Tests", "Jeton.Service.Tests\Jeton.Service.Tests.csproj", "{AB89FD56-8F70-4670-A4E1-02B3E3592DFC}"
EndProject
Project("{FAE04EC0-301F-11D3-BF4B-00C04F79EFBC}") = "Jeton.Admin.Web", "Jeton.Admin.Web\Jeton.Admin.Web.csproj", "{4AAACA0C-31EA-4E32-B9BD-3D32349326E8}"
EndProject
Global
	GlobalSection(SolutionConfigurationPlatforms) = preSolution
		Debug|Any CPU = Debug|Any CPU
		Release|Any CPU = Release|Any CPU
	EndGlobalSection
	GlobalSection(ProjectConfigurationPlatforms) = postSolution
		{382A5932-FEB3-449A-9704-46CCF6CF67AD}.Debug|Any CPU.ActiveCfg = Debug|Any CPU
		{382A5932-FEB3-449A-9704-46CCF6CF67AD}.Debug|Any CPU.Build.0 = Debug|Any CPU
		{382A5932-FEB3-449A-9704-46CCF6CF67AD}.Release|Any CPU.ActiveCfg = Release|Any CPU
		{382A5932-FEB3-449A-9704-46CCF6CF67AD}.Release|Any CPU.Build.0 = Release|Any CPU
		{96CCBD96-E2D0-404E-A1D2-703299E68BA1}.Debug|Any CPU.ActiveCfg = Debug|Any CPU
		{96CCBD96-E2D0-404E-A1D2-703299E68BA1}.Debug|Any CPU.Build.0 = Debug|Any CPU
		{96CCBD96-E2D0-404E-A1D2-703299E68BA1}.Release|Any CPU.ActiveCfg = Release|Any CPU
		{96CCBD96-E2D0-404E-A1D2-703299E68BA1}.Release|Any CPU.Build.0 = Release|Any CPU
		{4A51FFA9-30B4-4F53-9434-CB0005985AC4}.Debug|Any CPU.ActiveCfg = Debug|Any CPU
		{4A51FFA9-30B4-4F53-9434-CB0005985AC4}.Debug|Any CPU.Build.0 = Debug|Any CPU
		{4A51FFA9-30B4-4F53-9434-CB0005985AC4}.Release|Any CPU.ActiveCfg = Release|Any CPU
		{4A51FFA9-30B4-4F53-9434-CB0005985AC4}.Release|Any CPU.Build.0 = Release|Any CPU
		{89E94968-CEC5-42C3-A222-B09CABEC1B9F}.Debug|Any CPU.ActiveCfg = Debug|Any CPU
		{89E94968-CEC5-42C3-A222-B09CABEC1B9F}.Debug|Any CPU.Build.0 = Debug|Any CPU
		{89E94968-CEC5-42C3-A222-B09CABEC1B9F}.Release|Any CPU.ActiveCfg = Release|Any CPU
		{89E94968-CEC5-42C3-A222-B09CABEC1B9F}.Release|Any CPU.Build.0 = Release|Any CPU
		{AB89FD56-8F70-4670-A4E1-02B3E3592DFC}.Debug|Any CPU.ActiveCfg = Debug|Any CPU
		{AB89FD56-8F70-4670-A4E1-02B3E3592DFC}.Debug|Any CPU.Build.0 = Debug|Any CPU
		{AB89FD56-8F70-4670-A4E1-02B3E3592DFC}.Release|Any CPU.ActiveCfg = Release|Any CPU
		{AB89FD56-8F70-4670-A4E1-02B3E3592DFC}.Release|Any CPU.Build.0 = Release|Any CPU
		{4AAACA0C-31EA-4E32-B9BD-3D32349326E8}.Debug|Any CPU.ActiveCfg = Debug|Any CPU
		{4AAACA0C-31EA-4E32-B9BD-3D32349326E8}.Debug|Any CPU.Build.0 = Debug|Any CPU
		{4AAACA0C-31EA-4E32-B9BD-3D32349326E8}.Release|Any CPU.ActiveCfg = Release|Any CPU
		{4AAACA0C-31EA-4E32-B9BD-3D32349326E8}.Release|Any CPU.Build.0 = Release|Any CPU
	EndGlobalSection
	GlobalSection(SolutionProperties) = preSolution
		HideSolutionNode = FALSE
	EndGlobalSection
	GlobalSection(NestedProjects) = preSolution
		{382A5932-FEB3-449A-9704-46CCF6CF67AD} = {0BDDF66E-5C37-494E-B72B-4D34812EFD67}
		{96CCBD96-E2D0-404E-A1D2-703299E68BA1} = {0BDDF66E-5C37-494E-B72B-4D34812EFD67}
		{4A51FFA9-30B4-4F53-9434-CB0005985AC4} = {0BDDF66E-5C37-494E-B72B-4D34812EFD67}
		{89E94968-CEC5-42C3-A222-B09CABEC1B9F} = {89B4C6A0-4075-4360-B44B-1D6599FD5D36}
		{AB89FD56-8F70-4670-A4E1-02B3E3592DFC} = {871B6680-C902-4E88-9A27-53389C2A0826}
		{4AAACA0C-31EA-4E32-B9BD-3D32349326E8} = {FA64DC67-66C4-432F-B740-3BFE921C87E0}
	EndGlobalSection
EndGlobal
